
Microsoft Visual Studio Solution File, Format Version 12.00
# Visual Studio Version 17
VisualStudioVersion = 17.12.35707.178
MinimumVisualStudioVersion = 10.0.40219.1
Project("{FAE04EC0-301F-11D3-BF4B-00C04F79EFBC}") = "NZWalks.API", "NZWalks.API\NZWalks.API.csproj", "{D86B1D1E-EDC6-4480-8F4A-2D055B27812D}"
EndProject
Project("{FAE04EC0-301F-11D3-BF4B-00C04F79EFBC}") = "NZWalks.UI", "NZWalks.UI\NZWalks.UI.csproj", "{CAF24624-4D74-4162-8D9A-BE3E4BE0D561}"
EndProject
Global
	GlobalSection(SolutionConfigurationPlatforms) = preSolution
		Debug|Any CPU = Debug|Any CPU
		Release|Any CPU = Release|Any CPU
	EndGlobalSection
	GlobalSection(ProjectConfigurationPlatforms) = postSolution
		{D86B1D1E-EDC6-4480-8F4A-2D055B27812D}.Debug|Any CPU.ActiveCfg = Debug|Any CPU
		{D86B1D1E-EDC6-4480-8F4A-2D055B27812D}.Debug|Any CPU.Build.0 = Debug|Any CPU
		{D86B1D1E-EDC6-4480-8F4A-2D055B27812D}.Release|Any CPU.ActiveCfg = Release|Any CPU
		{D86B1D1E-EDC6-4480-8F4A-2D055B27812D}.Release|Any CPU.Build.0 = Release|Any CPU
		{CAF24624-4D74-4162-8D9A-BE3E4BE0D561}.Debug|Any CPU.ActiveCfg = Debug|Any CPU
		{CAF24624-4D74-4162-8D9A-BE3E4BE0D561}.Debug|Any CPU.Build.0 = Debug|Any CPU
		{CAF24624-4D74-4162-8D9A-BE3E4BE0D561}.Release|Any CPU.ActiveCfg = Release|Any CPU
		{CAF24624-4D74-4162-8D9A-BE3E4BE0D561}.Release|Any CPU.Build.0 = Release|Any CPU
	EndGlobalSection
	GlobalSection(SolutionProperties) = preSolution
		HideSolutionNode = FALSE
	EndGlobalSection
EndGlobal
